// !$*UTF8*$!
{
	archiveVersion = 1;
	classes = {
	};
	objectVersion = 50;
	objects = {

/* Begin PBXBuildFile section */
		563689C32462C82400AB7455 /* AppDelegate.swift in Sources */ = {isa = PBXBuildFile; fileRef = 563689C22462C82400AB7455 /* AppDelegate.swift */; };
		563689C52462C82400AB7455 /* SceneDelegate.swift in Sources */ = {isa = PBXBuildFile; fileRef = 563689C42462C82400AB7455 /* SceneDelegate.swift */; };
		563689C72462C82400AB7455 /* ContentView.swift in Sources */ = {isa = PBXBuildFile; fileRef = 563689C62462C82400AB7455 /* ContentView.swift */; };
		563689C92462C82A00AB7455 /* Assets.xcassets in Resources */ = {isa = PBXBuildFile; fileRef = 563689C82462C82A00AB7455 /* Assets.xcassets */; };
		563689CC2462C82A00AB7455 /* Preview Assets.xcassets in Resources */ = {isa = PBXBuildFile; fileRef = 563689CB2462C82A00AB7455 /* Preview Assets.xcassets */; };
		563689CF2462C82B00AB7455 /* LaunchScreen.storyboard in Resources */ = {isa = PBXBuildFile; fileRef = 563689CD2462C82B00AB7455 /* LaunchScreen.storyboard */; };
/* End PBXBuildFile section */

/* Begin PBXFileReference section */
		563689BF2462C82400AB7455 /* Passlock.app */ = {isa = PBXFileReference; explicitFileType = wrapper.application; includeInIndex = 0; path = Passlock.app; sourceTree = BUILT_PRODUCTS_DIR; };
		563689C22462C82400AB7455 /* AppDelegate.swift */ = {isa = PBXFileReference; lastKnownFileType = sourcecode.swift; path = AppDelegate.swift; sourceTree = "<group>"; };
		563689C42462C82400AB7455 /* SceneDelegate.swift */ = {isa = PBXFileReference; lastKnownFileType = sourcecode.swift; path = SceneDelegate.swift; sourceTree = "<group>"; };
		563689C62462C82400AB7455 /* ContentView.swift */ = {isa = PBXFileReference; lastKnownFileType = sourcecode.swift; path = ContentView.swift; sourceTree = "<group>"; };
		563689C82462C82A00AB7455 /* Assets.xcassets */ = {isa = PBXFileReference; lastKnownFileType = folder.assetcatalog; path = Assets.xcassets; sourceTree = "<group>"; };
		563689CB2462C82A00AB7455 /* Preview Assets.xcassets */ = {isa = PBXFileReference; lastKnownFileType = folder.assetcatalog; path = "Preview Assets.xcassets"; sourceTree = "<group>"; };
		563689CE2462C82B00AB7455 /* Base */ = {isa = PBXFileReference; lastKnownFileType = file.storyboard; name = Base; path = Base.lproj/LaunchScreen.storyboard; sourceTree = "<group>"; };
		563689D02462C82B00AB7455 /* Info.plist */ = {isa = PBXFileReference; lastKnownFileType = text.plist.xml; path = Info.plist; sourceTree = "<group>"; };
/* End PBXFileReference section */

/* Begin PBXFrameworksBuildPhase section */
		563689BC2462C82400AB7455 /* Frameworks */ = {
			isa = PBXFrameworksBuildPhase;
			buildActionMask = 2147483647;
			files = (
			);
			runOnlyForDeploymentPostprocessing = 0;
		};
/* End PBXFrameworksBuildPhase section */

/* Begin PBXGroup section */
		563689B62462C82400AB7455 = {
			isa = PBXGroup;
			children = (
				563689C12462C82400AB7455 /* Passlock */,
				563689C02462C82400AB7455 /* Products */,
			);
			sourceTree = "<group>";
		};
		563689C02462C82400AB7455 /* Products */ = {
			isa = PBXGroup;
			children = (
				563689BF2462C82400AB7455 /* Passlock.app */,
			);
			name = Products;
			sourceTree = "<group>";
		};
		563689C12462C82400AB7455 /* Passlock */ = {
			isa = PBXGroup;
			children = (
				563689C22462C82400AB7455 /* AppDelegate.swift */,
				563689C42462C82400AB7455 /* SceneDelegate.swift */,
				563689C62462C82400AB7455 /* ContentView.swift */,
				563689C82462C82A00AB7455 /* Assets.xcassets */,
				563689CD2462C82B00AB7455 /* LaunchScreen.storyboard */,
				563689D02462C82B00AB7455 /* Info.plist */,
				563689CA2462C82A00AB7455 /* Preview Content */,
			);
			path = Passlock;
			sourceTree = "<group>";
		};
		563689CA2462C82A00AB7455 /* Preview Content */ = {
			isa = PBXGroup;
			children = (
				563689CB2462C82A00AB7455 /* Preview Assets.xcassets */,
			);
			path = "Preview Content";
			sourceTree = "<group>";
		};
/* End PBXGroup section */

/* Begin PBXNativeTarget section */
		563689BE2462C82400AB7455 /* Passlock */ = {
			isa = PBXNativeTarget;
			buildConfigurationList = 563689D32462C82B00AB7455 /* Build configuration list for PBXNativeTarget "Passlock" */;
			buildPhases = (
				563689BB2462C82400AB7455 /* Sources */,
				563689BC2462C82400AB7455 /* Frameworks */,
				563689BD2462C82400AB7455 /* Resources */,
			);
			buildRules = (
			);
			dependencies = (
			);
			name = Passlock;
			productName = Passlock;
			productReference = 563689BF2462C82400AB7455 /* Passlock.app */;
			productType = "com.apple.product-type.application";
		};
/* End PBXNativeTarget section */

/* Begin PBXProject section */
		563689B72462C82400AB7455 /* Project object */ = {
			isa = PBXProject;
			attributes = {
				LastSwiftUpdateCheck = 1140;
				LastUpgradeCheck = 1140;
				ORGANIZATIONNAME = "Muzaffarli Nijat";
				TargetAttributes = {
					563689BE2462C82400AB7455 = {
						CreatedOnToolsVersion = 11.4.1;
					};
				};
			};
			buildConfigurationList = 563689BA2462C82400AB7455 /* Build configuration list for PBXProject "Passlock" */;
			compatibilityVersion = "Xcode 9.3";
			developmentRegion = en;
			hasScannedForEncodings = 0;
			knownRegions = (
				en,
				Base,
			);
			mainGroup = 563689B62462C82400AB7455;
			productRefGroup = 563689C02462C82400AB7455 /* Products */;
			projectDirPath = "";
			projectRoot = "";
			targets = (
				563689BE2462C82400AB7455 /* Passlock */,
			);
		};
/* End PBXProject section */

/* Begin PBXResourcesBuildPhase section */
		563689BD2462C82400AB7455 /* Resources */ = {
			isa = PBXResourcesBuildPhase;
			buildActionMask = 2147483647;
			files = (
				563689CF2462C82B00AB7455 /* LaunchScreen.storyboard in Resources */,
				563689CC2462C82A00AB7455 /* Preview Assets.xcassets in Resources */,
				563689C92462C82A00AB7455 /* Assets.xcassets in Resources */,
			);
			runOnlyForDeploymentPostprocessing = 0;
		};
/* End PBXResourcesBuildPhase section */

/* Begin PBXSourcesBuildPhase section */
		563689BB2462C82400AB7455 /* Sources */ = {
			isa = PBXSourcesBuildPhase;
			buildActionMask = 2147483647;
			files = (
				563689C32462C82400AB7455 /* AppDelegate.swift in Sources */,
				563689C52462C82400AB7455 /* SceneDelegate.swift in Sources */,
				563689C72462C82400AB7455 /* ContentView.swift in Sources */,
			);
			runOnlyForDeploymentPostprocessing = 0;
		};
/* End PBXSourcesBuildPhase section */

/* Begin PBXVariantGroup section */
		563689CD2462C82B00AB7455 /* LaunchScreen.storyboard */ = {
			isa = PBXVariantGroup;
			children = (
				563689CE2462C82B00AB7455 /* Base */,
			);
			name = LaunchScreen.storyboard;
			sourceTree = "<group>";
		};
/* End PBXVariantGroup section */

/* Begin XCBuildConfiguration section */
		563689D12462C82B00AB7455 /* Debug */ = {
			isa = XCBuildConfiguration;
			buildSettings = {
				ALWAYS_SEARCH_USER_PATHS = NO;
				CLANG_ANALYZER_NONNULL = YES;
				CLANG_ANALYZER_NUMBER_OBJECT_CONVERSION = YES_AGGRESSIVE;
				CLANG_CXX_LANGUAGE_STANDARD = "gnu++14";
				CLANG_CXX_LIBRARY = "libc++";
				CLANG_ENABLE_MODULES = YES;
				CLANG_ENABLE_OBJC_ARC = YES;
				CLANG_ENABLE_OBJC_WEAK = YES;
				CLANG_WARN_BLOCK_CAPTURE_AUTORELEASING = YES;
				CLANG_WARN_BOOL_CONVERSION = YES;
				CLANG_WARN_COMMA = YES;
				CLANG_WARN_CONSTANT_CONVERSION = YES;
				CLANG_WARN_DEPRECATED_OBJC_IMPLEMENTATIONS = YES;
				CLANG_WARN_DIRECT_OBJC_ISA_USAGE = YES_ERROR;
				CLANG_WARN_DOCUMENTATION_COMMENTS = YES;
				CLANG_WARN_EMPTY_BODY = YES;
				CLANG_WARN_ENUM_CONVERSION = YES;
				CLANG_WARN_INFINITE_RECURSION = YES;
				CLANG_WARN_INT_CONVERSION = YES;
				CLANG_WARN_NON_LITERAL_NULL_CONVERSION = YES;
				CLANG_WARN_OBJC_IMPLICIT_RETAIN_SELF = YES;
				CLANG_WARN_OBJC_LITERAL_CONVERSION = YES;
				CLANG_WARN_OBJC_ROOT_CLASS = YES_ERROR;
				CLANG_WARN_RANGE_LOOP_ANALYSIS = YES;
				CLANG_WARN_STRICT_PROTOTYPES = YES;
				CLANG_WARN_SUSPICIOUS_MOVE = YES;
				CLANG_WARN_UNGUARDED_AVAILABILITY = YES_AGGRESSIVE;
				CLANG_WARN_UNREACHABLE_CODE = YES;
				CLANG_WARN__DUPLICATE_METHOD_MATCH = YES;
				COPY_PHASE_STRIP = NO;
				DEBUG_INFORMATION_FORMAT = dwarf;
				ENABLE_STRICT_OBJC_MSGSEND = YES;
				ENABLE_TESTABILITY = YES;
				GCC_C_LANGUAGE_STANDARD = gnu11;
				GCC_DYNAMIC_NO_PIC = NO;
				GCC_NO_COMMON_BLOCKS = YES;
				GCC_OPTIMIZATION_LEVEL = 0;
				GCC_PREPROCESSOR_DEFINITIONS = (
					"DEBUG=1",
					"$(inherited)",
				);
				GCC_WARN_64_TO_32_BIT_CONVERSION = YES;
				GCC_WARN_ABOUT_RETURN_TYPE = YES_ERROR;
				GCC_WARN_UNDECLARED_SELECTOR = YES;
				GCC_WARN_UNINITIALIZED_AUTOS = YES_AGGRESSIVE;
				GCC_WARN_UNUSED_FUNCTION = YES;
				GCC_WARN_UNUSED_VARIABLE = YES;
				IPHONEOS_DEPLOYMENT_TARGET = 13.4;
				MTL_ENABLE_DEBUG_INFO = INCLUDE_SOURCE;
				MTL_FAST_MATH = YES;
				ONLY_ACTIVE_ARCH = YES;
				SDKROOT = iphoneos;
				SWIFT_ACTIVE_COMPILATION_CONDITIONS = DEBUG;
				SWIFT_OPTIMIZATION_LEVEL = "-Onone";
			};
			name = Debug;
		};
		563689D22462C82B00AB7455 /* Release */ = {
			isa = XCBuildConfiguration;
			buildSettings = {
				ALWAYS_SEARCH_USER_PATHS = NO;
				CLANG_ANALYZER_NONNULL = YES;
				CLANG_ANALYZER_NUMBER_OBJECT_CONVERSION = YES_AGGRESSIVE;
				CLANG_CXX_LANGUAGE_STANDARD = "gnu++14";
				CLANG_CXX_LIBRARY = "libc++";
				CLANG_ENABLE_MODULES = YES;
				CLANG_ENABLE_OBJC_ARC = YES;
				CLANG_ENABLE_OBJC_WEAK = YES;
				CLANG_WARN_BLOCK_CAPTURE_AUTORELEASING = YES;
				CLANG_WARN_BOOL_CONVERSION = YES;
				CLANG_WARN_COMMA = YES;
				CLANG_WARN_CONSTANT_CONVERSION = YES;
				CLANG_WARN_DEPRECATED_OBJC_IMPLEMENTATIONS = YES;
				CLANG_WARN_DIRECT_OBJC_ISA_USAGE = YES_ERROR;
				CLANG_WARN_DOCUMENTATION_COMMENTS = YES;
				CLANG_WARN_EMPTY_BODY = YES;
				CLANG_WARN_ENUM_CONVERSION = YES;
				CLANG_WARN_INFINITE_RECURSION = YES;
				CLANG_WARN_INT_CONVERSION = YES;
				CLANG_WARN_NON_LITERAL_NULL_CONVERSION = YES;
				CLANG_WARN_OBJC_IMPLICIT_RETAIN_SELF = YES;
				CLANG_WARN_OBJC_LITERAL_CONVERSION = YES;
				CLANG_WARN_OBJC_ROOT_CLASS = YES_ERROR;
				CLANG_WARN_RANGE_LOOP_ANALYSIS = YES;
				CLANG_WARN_STRICT_PROTOTYPES = YES;
				CLANG_WARN_SUSPICIOUS_MOVE = YES;
				CLANG_WARN_UNGUARDED_AVAILABILITY = YES_AGGRESSIVE;
				CLANG_WARN_UNREACHABLE_CODE = YES;
				CLANG_WARN__DUPLICATE_METHOD_MATCH = YES;
				COPY_PHASE_STRIP = NO;
				DEBUG_INFORMATION_FORMAT = "dwarf-with-dsym";
				ENABLE_NS_ASSERTIONS = NO;
				ENABLE_STRICT_OBJC_MSGSEND = YES;
				GCC_C_LANGUAGE_STANDARD = gnu11;
				GCC_NO_COMMON_BLOCKS = YES;
				GCC_WARN_64_TO_32_BIT_CONVERSION = YES;
				GCC_WARN_ABOUT_RETURN_TYPE = YES_ERROR;
				GCC_WARN_UNDECLARED_SELECTOR = YES;
				GCC_WARN_UNINITIALIZED_AUTOS = YES_AGGRESSIVE;
				GCC_WARN_UNUSED_FUNCTION = YES;
				GCC_WARN_UNUSED_VARIABLE = YES;
				IPHONEOS_DEPLOYMENT_TARGET = 13.4;
				MTL_ENABLE_DEBUG_INFO = NO;
				MTL_FAST_MATH = YES;
				SDKROOT = iphoneos;
				SWIFT_COMPILATION_MODE = wholemodule;
				SWIFT_OPTIMIZATION_LEVEL = "-O";
				VALIDATE_PRODUCT = YES;
			};
			name = Release;
		};
		563689D42462C82B00AB7455 /* Debug */ = {
			isa = XCBuildConfiguration;
			buildSettings = {
				ASSETCATALOG_COMPILER_APPICON_NAME = AppIcon;
				CODE_SIGN_STYLE = Automatic;
				DEVELOPMENT_ASSET_PATHS = "\"Passlock/Preview Content\"";
				DEVELOPMENT_TEAM = 9YJEAPX976;
				ENABLE_PREVIEWS = YES;
				INFOPLIST_FILE = Passlock/Info.plist;
				LD_RUNPATH_SEARCH_PATHS = (
					"$(inherited)",
					"@executable_path/Frameworks",
				);
				PRODUCT_BUNDLE_IDENTIFIER = com.muztest.Passlock;
				PRODUCT_NAME = "$(TARGET_NAME)";
				SWIFT_VERSION = 5.0;
				TARGETED_DEVICE_FAMILY = "1,2";
			};
			name = Debug;
		};
		563689D52462C82B00AB7455 /* Release */ = {
			isa = XCBuildConfiguration;
			buildSettings = {
				ASSETCATALOG_COMPILER_APPICON_NAME = AppIcon;
				CODE_SIGN_STYLE = Automatic;
				DEVELOPMENT_ASSET_PATHS = "\"Passlock/Preview Content\"";
				DEVELOPMENT_TEAM = 9YJEAPX976;
				ENABLE_PREVIEWS = YES;
				INFOPLIST_FILE = Passlock/Info.plist;
				LD_RUNPATH_SEARCH_PATHS = (
					"$(inherited)",
					"@executable_path/Frameworks",
				);
				PRODUCT_BUNDLE_IDENTIFIER = com.muztest.Passlock;
				PRODUCT_NAME = "$(TARGET_NAME)";
				SWIFT_VERSION = 5.0;
				TARGETED_DEVICE_FAMILY = "1,2";
			};
			name = Release;
		};
/* End XCBuildConfiguration section */

/* Begin XCConfigurationList section */
		563689BA2462C82400AB7455 /* Build configuration list for PBXProject "Passlock" */ = {
			isa = XCConfigurationList;
			buildConfigurations = (
				563689D12462C82B00AB7455 /* Debug */,
				563689D22462C82B00AB7455 /* Release */,
			);
			defaultConfigurationIsVisible = 0;
			defaultConfigurationName = Release;
		};
		563689D32462C82B00AB7455 /* Build configuration list for PBXNativeTarget "Passlock" */ = {
			isa = XCConfigurationList;
			buildConfigurations = (
				563689D42462C82B00AB7455 /* Debug */,
				563689D52462C82B00AB7455 /* Release */,
			);
			defaultConfigurationIsVisible = 0;
			defaultConfigurationName = Release;
		};
/* End XCConfigurationList section */
	};
	rootObject = 563689B72462C82400AB7455 /* Project object */;
}
